
Microsoft Visual Studio Solution File, Format Version 11.00
# Visual Studio 2010
Project("{FAE04EC0-301F-11D3-BF4B-00C04F79EFBC}") = "Circle Rotate", "Assembly-CSharp.csproj", "{4EB641F0-291E-D95F-2E0E-FEF164F8233E}"
EndProject
Project("{FAE04EC0-301F-11D3-BF4B-00C04F79EFBC}") = "Circle Rotate", "Assembly-CSharp-Editor.csproj", "{EA178AE9-E2BE-DF56-0C4C-4150C6290E8A}"
EndProject
Global
	GlobalSection(SolutionConfigurationPlatforms) = preSolution
		Debug|Any CPU = Debug|Any CPU
		Release|Any CPU = Release|Any CPU
	EndGlobalSection
	GlobalSection(ProjectConfigurationPlatforms) = postSolution
		{4EB641F0-291E-D95F-2E0E-FEF164F8233E}.Debug|Any CPU.ActiveCfg = Debug|Any CPU
		{4EB641F0-291E-D95F-2E0E-FEF164F8233E}.Debug|Any CPU.Build.0 = Debug|Any CPU
		{4EB641F0-291E-D95F-2E0E-FEF164F8233E}.Release|Any CPU.ActiveCfg = Release|Any CPU
		{4EB641F0-291E-D95F-2E0E-FEF164F8233E}.Release|Any CPU.Build.0 = Release|Any CPU
		{EA178AE9-E2BE-DF56-0C4C-4150C6290E8A}.Debug|Any CPU.ActiveCfg = Debug|Any CPU
		{EA178AE9-E2BE-DF56-0C4C-4150C6290E8A}.Debug|Any CPU.Build.0 = Debug|Any CPU
		{EA178AE9-E2BE-DF56-0C4C-4150C6290E8A}.Release|Any CPU.ActiveCfg = Release|Any CPU
		{EA178AE9-E2BE-DF56-0C4C-4150C6290E8A}.Release|Any CPU.Build.0 = Release|Any CPU
	EndGlobalSection
	GlobalSection(SolutionProperties) = preSolution
		HideSolutionNode = FALSE
	EndGlobalSection
	GlobalSection(MonoDevelopProperties) = preSolution
		StartupItem = Assembly-CSharp.csproj
	EndGlobalSection
EndGlobal
